<?xml version="1.0" encoding="utf-8"?>
<Project ToolsVersion="4.0" xmlns="http://schemas.microsoft.com/developer/msbuild/2003">
  <ItemGroup>
    <Filter Include="Source Files">
      <UniqueIdentifier>{4FC737F1-C7A5-4376-A066-2A32D752A2FF}</UniqueIdentifier>
      <Extensions>cpp;c;cc;cxx;def;odl;idl;hpj;bat;asm;asmx</Extensions>
    </Filter>
    <Filter Include="Header Files">
      <UniqueIdentifier>{93995380-89BD-4b04-88EB-625FBE52EBFB}</UniqueIdentifier>
      <Extensions>h;hh;hpp;hxx;hm;inl;inc;ipp;xsd</Extensions>
    </Filter>
    <Filter Include="Header Files\Detail">
      <UniqueIdentifier>{2965d7d4-b199-4952-95b2-7c8019bb8336}</UniqueIdentifier>
    </Filter>
    <Filter Include="Source Files\Detail">
      <UniqueIdentifier>{c6fdb9fc-0220-42b0-9a97-6e0d7529b0f7}</UniqueIdentifier>
    </Filter>
  </ItemGroup>
  <ItemGroup>
    <ClInclude Include="..\Reflection\GetTypeInfo.h">
      <Filter>Header Files</Filter>
    </ClInclude>
    <ClInclude Include="..\Reflection\ReflectedFunction.h">
      <Filter>Header Files</Filter>
    </ClInclude>
    <ClInclude Include="..\Reflection\TypeInfo.h">
      <Filter>Header Files</Filter>
    </ClInclude>
    <ClInclude Include="..\Reflection\TypeReflector.h">
      <Filter>Header Files</Filter>
    </ClInclude>
    <ClInclude Include="..\Reflection\TypeRegistry.h">
      <Filter>Header Files</Filter>
    </ClInclude>
    <ClInclude Include="..\Reflection\Detail\FunctionTypeTraits.h">
      <Filter>Header Files\Detail</Filter>
    </ClInclude>
    <ClInclude Include="..\Reflection\Detail\FunctionPoinerTraits.h">
      <Filter>Header Files\Detail</Filter>
    </ClInclude>
    <ClInclude Include="..\Reflection\Detail\FunctionReflector.h">
      <Filter>Header Files\Detail</Filter>
    </ClInclude>
    <ClInclude Include="..\Reflection\Detail\CallReflectType.h">
      <Filter>Header Files\Detail</Filter>
    </ClInclude>
    <ClInclude Include="..\Reflection\Detail\ReflectedFunctionImpl.h">
      <Filter>Header Files\Detail</Filter>
    </ClInclude>
    <ClInclude Include="..\Reflection\Detail\TypeInfoImpl.h">
      <Filter>Header Files\Detail</Filter>
    </ClInclude>
    <ClInclude Include="..\Reflection\Detail\TypeRegistryImpl.h">
      <Filter>Header Files\Detail</Filter>
    </ClInclude>
    <ClInclude Include="..\Reflection\Detail\TypeHasMethod.h">
      <Filter>Header Files\Detail</Filter>
    </ClInclude>
    <ClInclude Include="..\Reflection\FieldInfo.h">
      <Filter>Header Files</Filter>
    </ClInclude>
    <ClInclude Include="..\Reflection\UnusedVar.h">
      <Filter>Header Files</Filter>
    </ClInclude>
  </ItemGroup>
  <ItemGroup>
    <ClCompile Include="..\Reflection\main.cpp">
      <Filter>Source Files</Filter>
    </ClCompile>
    <ClCompile Include="..\Reflection\TypeInfo.cpp">
      <Filter>Source Files</Filter>
    </ClCompile>
    <ClCompile Include="..\Reflection\Detail\ReflectedFunctionImpl.cpp">
      <Filter>Source Files\Detail</Filter>
    </ClCompile>
    <ClCompile Include="..\Reflection\Detail\TypeInfoImpl.cpp">
      <Filter>Source Files\Detail</Filter>
    </ClCompile>
    <ClCompile Include="..\Reflection\Detail\TypeRegistryImpl.cpp">
      <Filter>Source Files\Detail</Filter>
    </ClCompile>
  </ItemGroup>
  <ItemGroup>
    <None Include="..\Reflection\CallReflectedFunction.h">
      <Filter>Header Files</Filter>
    </None>
  </ItemGroup>
</Project>